// !$*UTF8*$!
{
	archiveVersion = 1;
	classes = {
	};
	objectVersion = 50;
	objects = {

/* Begin PBXBuildFile section */
		31A0FC112599DFE6002F3524 /* AppDelegate.swift in Sources */ = {isa = PBXBuildFile; fileRef = 31A0FC102599DFE6002F3524 /* AppDelegate.swift */; };
		31A0FC132599DFE6002F3524 /* SceneDelegate.swift in Sources */ = {isa = PBXBuildFile; fileRef = 31A0FC122599DFE6002F3524 /* SceneDelegate.swift */; };
		31A0FC152599DFE6002F3524 /* ViewController.swift in Sources */ = {isa = PBXBuildFile; fileRef = 31A0FC142599DFE6002F3524 /* ViewController.swift */; };
		31A0FC182599DFE6002F3524 /* Main.storyboard in Resources */ = {isa = PBXBuildFile; fileRef = 31A0FC162599DFE6002F3524 /* Main.storyboard */; };
		31A0FC1A2599DFE7002F3524 /* Assets.xcassets in Resources */ = {isa = PBXBuildFile; fileRef = 31A0FC192599DFE7002F3524 /* Assets.xcassets */; };
		31A0FC1D2599DFE7002F3524 /* LaunchScreen.storyboard in Resources */ = {isa = PBXBuildFile; fileRef = 31A0FC1B2599DFE7002F3524 /* LaunchScreen.storyboard */; };
		31A0FC262599E018002F3524 /* NetworkMonitor.swift in Sources */ = {isa = PBXBuildFile; fileRef = 31A0FC252599E018002F3524 /* NetworkMonitor.swift */; };
/* End PBXBuildFile section */

/* Begin PBXFileReference section */
		31A0FC0D2599DFE6002F3524 /* NetworkConnectionCheck.app */ = {isa = PBXFileReference; explicitFileType = wrapper.application; includeInIndex = 0; path = NetworkConnectionCheck.app; sourceTree = BUILT_PRODUCTS_DIR; };
		31A0FC102599DFE6002F3524 /* AppDelegate.swift */ = {isa = PBXFileReference; lastKnownFileType = sourcecode.swift; path = AppDelegate.swift; sourceTree = "<group>"; };
		31A0FC122599DFE6002F3524 /* SceneDelegate.swift */ = {isa = PBXFileReference; lastKnownFileType = sourcecode.swift; path = SceneDelegate.swift; sourceTree = "<group>"; };
		31A0FC142599DFE6002F3524 /* ViewController.swift */ = {isa = PBXFileReference; lastKnownFileType = sourcecode.swift; path = ViewController.swift; sourceTree = "<group>"; };
		31A0FC172599DFE6002F3524 /* Base */ = {isa = PBXFileReference; lastKnownFileType = file.storyboard; name = Base; path = Base.lproj/Main.storyboard; sourceTree = "<group>"; };
		31A0FC192599DFE7002F3524 /* Assets.xcassets */ = {isa = PBXFileReference; lastKnownFileType = folder.assetcatalog; path = Assets.xcassets; sourceTree = "<group>"; };
		31A0FC1C2599DFE7002F3524 /* Base */ = {isa = PBXFileReference; lastKnownFileType = file.storyboard; name = Base; path = Base.lproj/LaunchScreen.storyboard; sourceTree = "<group>"; };
		31A0FC1E2599DFE7002F3524 /* Info.plist */ = {isa = PBXFileReference; lastKnownFileType = text.plist.xml; path = Info.plist; sourceTree = "<group>"; };
		31A0FC252599E018002F3524 /* NetworkMonitor.swift */ = {isa = PBXFileReference; lastKnownFileType = sourcecode.swift; path = NetworkMonitor.swift; sourceTree = "<group>"; };
/* End PBXFileReference section */

/* Begin PBXFrameworksBuildPhase section */
		31A0FC0A2599DFE6002F3524 /* Frameworks */ = {
			isa = PBXFrameworksBuildPhase;
			buildActionMask = 2147483647;
			files = (
			);
			runOnlyForDeploymentPostprocessing = 0;
		};
/* End PBXFrameworksBuildPhase section */

/* Begin PBXGroup section */
		31A0FC042599DFE6002F3524 = {
			isa = PBXGroup;
			children = (
				31A0FC0F2599DFE6002F3524 /* NetworkConnectionCheck */,
				31A0FC0E2599DFE6002F3524 /* Products */,
			);
			sourceTree = "<group>";
		};
		31A0FC0E2599DFE6002F3524 /* Products */ = {
			isa = PBXGroup;
			children = (
				31A0FC0D2599DFE6002F3524 /* NetworkConnectionCheck.app */,
			);
			name = Products;
			sourceTree = "<group>";
		};
		31A0FC0F2599DFE6002F3524 /* NetworkConnectionCheck */ = {
			isa = PBXGroup;
			children = (
				31A0FC102599DFE6002F3524 /* AppDelegate.swift */,
				31A0FC122599DFE6002F3524 /* SceneDelegate.swift */,
				31A0FC142599DFE6002F3524 /* ViewController.swift */,
				31A0FC252599E018002F3524 /* NetworkMonitor.swift */,
				31A0FC162599DFE6002F3524 /* Main.storyboard */,
				31A0FC192599DFE7002F3524 /* Assets.xcassets */,
				31A0FC1B2599DFE7002F3524 /* LaunchScreen.storyboard */,
				31A0FC1E2599DFE7002F3524 /* Info.plist */,
			);
			path = NetworkConnectionCheck;
			sourceTree = "<group>";
		};
/* End PBXGroup section */

/* Begin PBXNativeTarget section */
		31A0FC0C2599DFE6002F3524 /* NetworkConnectionCheck */ = {
			isa = PBXNativeTarget;
			buildConfigurationList = 31A0FC212599DFE7002F3524 /* Build configuration list for PBXNativeTarget "NetworkConnectionCheck" */;
			buildPhases = (
				31A0FC092599DFE6002F3524 /* Sources */,
				31A0FC0A2599DFE6002F3524 /* Frameworks */,
				31A0FC0B2599DFE6002F3524 /* Resources */,
			);
			buildRules = (
			);
			dependencies = (
			);
			name = NetworkConnectionCheck;
			productName = NetworkConnectionCheck;
			productReference = 31A0FC0D2599DFE6002F3524 /* NetworkConnectionCheck.app */;
			productType = "com.apple.product-type.application";
		};
/* End PBXNativeTarget section */

/* Begin PBXProject section */
		31A0FC052599DFE6002F3524 /* Project object */ = {
			isa = PBXProject;
			attributes = {
				LastSwiftUpdateCheck = 1230;
				LastUpgradeCheck = 1230;
				TargetAttributes = {
					31A0FC0C2599DFE6002F3524 = {
						CreatedOnToolsVersion = 12.3;
					};
				};
			};
			buildConfigurationList = 31A0FC082599DFE6002F3524 /* Build configuration list for PBXProject "NetworkConnectionCheck" */;
			compatibilityVersion = "Xcode 9.3";
			developmentRegion = en;
			hasScannedForEncodings = 0;
			knownRegions = (
				en,
				Base,
			);
			mainGroup = 31A0FC042599DFE6002F3524;
			productRefGroup = 31A0FC0E2599DFE6002F3524 /* Products */;
			projectDirPath = "";
			projectRoot = "";
			targets = (
				31A0FC0C2599DFE6002F3524 /* NetworkConnectionCheck */,
			);
		};
/* End PBXProject section */

/* Begin PBXResourcesBuildPhase section */
		31A0FC0B2599DFE6002F3524 /* Resources */ = {
			isa = PBXResourcesBuildPhase;
			buildActionMask = 2147483647;
			files = (
				31A0FC1D2599DFE7002F3524 /* LaunchScreen.storyboard in Resources */,
				31A0FC1A2599DFE7002F3524 /* Assets.xcassets in Resources */,
				31A0FC182599DFE6002F3524 /* Main.storyboard in Resources */,
			);
			runOnlyForDeploymentPostprocessing = 0;
		};
/* End PBXResourcesBuildPhase section */

/* Begin PBXSourcesBuildPhase section */
		31A0FC092599DFE6002F3524 /* Sources */ = {
			isa = PBXSourcesBuildPhase;
			buildActionMask = 2147483647;
			files = (
				31A0FC152599DFE6002F3524 /* ViewController.swift in Sources */,
				31A0FC262599E018002F3524 /* NetworkMonitor.swift in Sources */,
				31A0FC112599DFE6002F3524 /* AppDelegate.swift in Sources */,
				31A0FC132599DFE6002F3524 /* SceneDelegate.swift in Sources */,
			);
			runOnlyForDeploymentPostprocessing = 0;
		};
/* End PBXSourcesBuildPhase section */

/* Begin PBXVariantGroup section */
		31A0FC162599DFE6002F3524 /* Main.storyboard */ = {
			isa = PBXVariantGroup;
			children = (
				31A0FC172599DFE6002F3524 /* Base */,
			);
			name = Main.storyboard;
			sourceTree = "<group>";
		};
		31A0FC1B2599DFE7002F3524 /* LaunchScreen.storyboard */ = {
			isa = PBXVariantGroup;
			children = (
				31A0FC1C2599DFE7002F3524 /* Base */,
			);
			name = LaunchScreen.storyboard;
			sourceTree = "<group>";
		};
/* End PBXVariantGroup section */

/* Begin XCBuildConfiguration section */
		31A0FC1F2599DFE7002F3524 /* Debug */ = {
			isa = XCBuildConfiguration;
			buildSettings = {
				ALWAYS_SEARCH_USER_PATHS = NO;
				CLANG_ANALYZER_NONNULL = YES;
				CLANG_ANALYZER_NUMBER_OBJECT_CONVERSION = YES_AGGRESSIVE;
				CLANG_CXX_LANGUAGE_STANDARD = "gnu++14";
				CLANG_CXX_LIBRARY = "libc++";
				CLANG_ENABLE_MODULES = YES;
				CLANG_ENABLE_OBJC_ARC = YES;
				CLANG_ENABLE_OBJC_WEAK = YES;
				CLANG_WARN_BLOCK_CAPTURE_AUTORELEASING = YES;
				CLANG_WARN_BOOL_CONVERSION = YES;
				CLANG_WARN_COMMA = YES;
				CLANG_WARN_CONSTANT_CONVERSION = YES;
				CLANG_WARN_DEPRECATED_OBJC_IMPLEMENTATIONS = YES;
				CLANG_WARN_DIRECT_OBJC_ISA_USAGE = YES_ERROR;
				CLANG_WARN_DOCUMENTATION_COMMENTS = YES;
				CLANG_WARN_EMPTY_BODY = YES;
				CLANG_WARN_ENUM_CONVERSION = YES;
				CLANG_WARN_INFINITE_RECURSION = YES;
				CLANG_WARN_INT_CONVERSION = YES;
				CLANG_WARN_NON_LITERAL_NULL_CONVERSION = YES;
				CLANG_WARN_OBJC_IMPLICIT_RETAIN_SELF = YES;
				CLANG_WARN_OBJC_LITERAL_CONVERSION = YES;
				CLANG_WARN_OBJC_ROOT_CLASS = YES_ERROR;
				CLANG_WARN_QUOTED_INCLUDE_IN_FRAMEWORK_HEADER = YES;
				CLANG_WARN_RANGE_LOOP_ANALYSIS = YES;
				CLANG_WARN_STRICT_PROTOTYPES = YES;
				CLANG_WARN_SUSPICIOUS_MOVE = YES;
				CLANG_WARN_UNGUARDED_AVAILABILITY = YES_AGGRESSIVE;
				CLANG_WARN_UNREACHABLE_CODE = YES;
				CLANG_WARN__DUPLICATE_METHOD_MATCH = YES;
				COPY_PHASE_STRIP = NO;
				DEBUG_INFORMATION_FORMAT = dwarf;
				ENABLE_STRICT_OBJC_MSGSEND = YES;
				ENABLE_TESTABILITY = YES;
				GCC_C_LANGUAGE_STANDARD = gnu11;
				GCC_DYNAMIC_NO_PIC = NO;
				GCC_NO_COMMON_BLOCKS = YES;
				GCC_OPTIMIZATION_LEVEL = 0;
				GCC_PREPROCESSOR_DEFINITIONS = (
					"DEBUG=1",
					"$(inherited)",
				);
				GCC_WARN_64_TO_32_BIT_CONVERSION = YES;
				GCC_WARN_ABOUT_RETURN_TYPE = YES_ERROR;
				GCC_WARN_UNDECLARED_SELECTOR = YES;
				GCC_WARN_UNINITIALIZED_AUTOS = YES_AGGRESSIVE;
				GCC_WARN_UNUSED_FUNCTION = YES;
				GCC_WARN_UNUSED_VARIABLE = YES;
				IPHONEOS_DEPLOYMENT_TARGET = 14.3;
				MTL_ENABLE_DEBUG_INFO = INCLUDE_SOURCE;
				MTL_FAST_MATH = YES;
				ONLY_ACTIVE_ARCH = YES;
				SDKROOT = iphoneos;
				SWIFT_ACTIVE_COMPILATION_CONDITIONS = DEBUG;
				SWIFT_OPTIMIZATION_LEVEL = "-Onone";
			};
			name = Debug;
		};
		31A0FC202599DFE7002F3524 /* Release */ = {
			isa = XCBuildConfiguration;
			buildSettings = {
				ALWAYS_SEARCH_USER_PATHS = NO;
				CLANG_ANALYZER_NONNULL = YES;
				CLANG_ANALYZER_NUMBER_OBJECT_CONVERSION = YES_AGGRESSIVE;
				CLANG_CXX_LANGUAGE_STANDARD = "gnu++14";
				CLANG_CXX_LIBRARY = "libc++";
				CLANG_ENABLE_MODULES = YES;
				CLANG_ENABLE_OBJC_ARC = YES;
				CLANG_ENABLE_OBJC_WEAK = YES;
				CLANG_WARN_BLOCK_CAPTURE_AUTORELEASING = YES;
				CLANG_WARN_BOOL_CONVERSION = YES;
				CLANG_WARN_COMMA = YES;
				CLANG_WARN_CONSTANT_CONVERSION = YES;
				CLANG_WARN_DEPRECATED_OBJC_IMPLEMENTATIONS = YES;
				CLANG_WARN_DIRECT_OBJC_ISA_USAGE = YES_ERROR;
				CLANG_WARN_DOCUMENTATION_COMMENTS = YES;
				CLANG_WARN_EMPTY_BODY = YES;
				CLANG_WARN_ENUM_CONVERSION = YES;
				CLANG_WARN_INFINITE_RECURSION = YES;
				CLANG_WARN_INT_CONVERSION = YES;
				CLANG_WARN_NON_LITERAL_NULL_CONVERSION = YES;
				CLANG_WARN_OBJC_IMPLICIT_RETAIN_SELF = YES;
				CLANG_WARN_OBJC_LITERAL_CONVERSION = YES;
				CLANG_WARN_OBJC_ROOT_CLASS = YES_ERROR;
				CLANG_WARN_QUOTED_INCLUDE_IN_FRAMEWORK_HEADER = YES;
				CLANG_WARN_RANGE_LOOP_ANALYSIS = YES;
				CLANG_WARN_STRICT_PROTOTYPES = YES;
				CLANG_WARN_SUSPICIOUS_MOVE = YES;
				CLANG_WARN_UNGUARDED_AVAILABILITY = YES_AGGRESSIVE;
				CLANG_WARN_UNREACHABLE_CODE = YES;
				CLANG_WARN__DUPLICATE_METHOD_MATCH = YES;
				COPY_PHASE_STRIP = NO;
				DEBUG_INFORMATION_FORMAT = "dwarf-with-dsym";
				ENABLE_NS_ASSERTIONS = NO;
				ENABLE_STRICT_OBJC_MSGSEND = YES;
				GCC_C_LANGUAGE_STANDARD = gnu11;
				GCC_NO_COMMON_BLOCKS = YES;
				GCC_WARN_64_TO_32_BIT_CONVERSION = YES;
				GCC_WARN_ABOUT_RETURN_TYPE = YES_ERROR;
				GCC_WARN_UNDECLARED_SELECTOR = YES;
				GCC_WARN_UNINITIALIZED_AUTOS = YES_AGGRESSIVE;
				GCC_WARN_UNUSED_FUNCTION = YES;
				GCC_WARN_UNUSED_VARIABLE = YES;
				IPHONEOS_DEPLOYMENT_TARGET = 14.3;
				MTL_ENABLE_DEBUG_INFO = NO;
				MTL_FAST_MATH = YES;
				SDKROOT = iphoneos;
				SWIFT_COMPILATION_MODE = wholemodule;
				SWIFT_OPTIMIZATION_LEVEL = "-O";
				VALIDATE_PRODUCT = YES;
			};
			name = Release;
		};
		31A0FC222599DFE7002F3524 /* Debug */ = {
			isa = XCBuildConfiguration;
			buildSettings = {
				ASSETCATALOG_COMPILER_APPICON_NAME = AppIcon;
				ASSETCATALOG_COMPILER_GLOBAL_ACCENT_COLOR_NAME = AccentColor;
				CODE_SIGN_STYLE = Automatic;
				DEVELOPMENT_TEAM = AWUK8LC5S3;
				INFOPLIST_FILE = NetworkConnectionCheck/Info.plist;
				LD_RUNPATH_SEARCH_PATHS = (
					"$(inherited)",
					"@executable_path/Frameworks",
				);
				PRODUCT_BUNDLE_IDENTIFIER = com.hamza.NetworkConnectionCheck;
				PRODUCT_NAME = "$(TARGET_NAME)";
				SWIFT_VERSION = 5.0;
				TARGETED_DEVICE_FAMILY = "1,2";
			};
			name = Debug;
		};
		31A0FC232599DFE7002F3524 /* Release */ = {
			isa = XCBuildConfiguration;
			buildSettings = {
				ASSETCATALOG_COMPILER_APPICON_NAME = AppIcon;
				ASSETCATALOG_COMPILER_GLOBAL_ACCENT_COLOR_NAME = AccentColor;
				CODE_SIGN_STYLE = Automatic;
				DEVELOPMENT_TEAM = AWUK8LC5S3;
				INFOPLIST_FILE = NetworkConnectionCheck/Info.plist;
				LD_RUNPATH_SEARCH_PATHS = (
					"$(inherited)",
					"@executable_path/Frameworks",
				);
				PRODUCT_BUNDLE_IDENTIFIER = com.hamza.NetworkConnectionCheck;
				PRODUCT_NAME = "$(TARGET_NAME)";
				SWIFT_VERSION = 5.0;
				TARGETED_DEVICE_FAMILY = "1,2";
			};
			name = Release;
		};
/* End XCBuildConfiguration section */

/* Begin XCConfigurationList section */
		31A0FC082599DFE6002F3524 /* Build configuration list for PBXProject "NetworkConnectionCheck" */ = {
			isa = XCConfigurationList;
			buildConfigurations = (
				31A0FC1F2599DFE7002F3524 /* Debug */,
				31A0FC202599DFE7002F3524 /* Release */,
			);
			defaultConfigurationIsVisible = 0;
			defaultConfigurationName = Release;
		};
		31A0FC212599DFE7002F3524 /* Build configuration list for PBXNativeTarget "NetworkConnectionCheck" */ = {
			isa = XCConfigurationList;
			buildConfigurations = (
				31A0FC222599DFE7002F3524 /* Debug */,
				31A0FC232599DFE7002F3524 /* Release */,
			);
			defaultConfigurationIsVisible = 0;
			defaultConfigurationName = Release;
		};
/* End XCConfigurationList section */
	};
	rootObject = 31A0FC052599DFE6002F3524 /* Project object */;
}
